
Microsoft Visual Studio Solution File, Format Version 12.00
# Visual Studio Version 17
VisualStudioVersion = 17.0.31903.59
MinimumVisualStudioVersion = 10.0.40219.1
Project("{2150E333-8FDC-42A3-9474-1A3956D46DE8}") = "src", "src", "{827E0CD3-B72D-47B6-A68D-7590B98EB39B}"
EndProject
Project("{FAE04EC0-301F-11D3-BF4B-00C04F79EFBC}") = "WeatherForecast.Domain", "src\WeatherForecast.Domain\WeatherForecast.Domain.csproj", "{CFCC6E45-31E6-45C7-ACFA-CB21CF31C253}"
EndProject
Project("{FAE04EC0-301F-11D3-BF4B-00C04F79EFBC}") = "WeatherForecast.Application", "src\WeatherForecast.Application\WeatherForecast.Application.csproj", "{F702E8BE-0A26-4241-B763-6C0D4060B1EF}"
EndProject
Project("{FAE04EC0-301F-11D3-BF4B-00C04F79EFBC}") = "WeatherForecast.Infrastructure", "src\WeatherForecast.Infrastructure\WeatherForecast.Infrastructure.csproj", "{0D9A8F00-674B-46AD-8E03-29D4C30DB818}"
EndProject
Project("{FAE04EC0-301F-11D3-BF4B-00C04F79EFBC}") = "WeatherForecast.Web", "src\WeatherForecast.Web\WeatherForecast.Web.csproj", "{4D87842A-C57D-436D-A68D-AA2E39571B2B}"
EndProject
Global
	GlobalSection(SolutionConfigurationPlatforms) = preSolution
		Debug|Any CPU = Debug|Any CPU
		Debug|x64 = Debug|x64
		Debug|x86 = Debug|x86
		Release|Any CPU = Release|Any CPU
		Release|x64 = Release|x64
		Release|x86 = Release|x86
	EndGlobalSection
	GlobalSection(ProjectConfigurationPlatforms) = postSolution
		{CFCC6E45-31E6-45C7-ACFA-CB21CF31C253}.Debug|Any CPU.ActiveCfg = Debug|Any CPU
		{CFCC6E45-31E6-45C7-ACFA-CB21CF31C253}.Debug|Any CPU.Build.0 = Debug|Any CPU
		{CFCC6E45-31E6-45C7-ACFA-CB21CF31C253}.Debug|x64.ActiveCfg = Debug|Any CPU
		{CFCC6E45-31E6-45C7-ACFA-CB21CF31C253}.Debug|x64.Build.0 = Debug|Any CPU
		{CFCC6E45-31E6-45C7-ACFA-CB21CF31C253}.Debug|x86.ActiveCfg = Debug|Any CPU
		{CFCC6E45-31E6-45C7-ACFA-CB21CF31C253}.Debug|x86.Build.0 = Debug|Any CPU
		{CFCC6E45-31E6-45C7-ACFA-CB21CF31C253}.Release|Any CPU.ActiveCfg = Release|Any CPU
		{CFCC6E45-31E6-45C7-ACFA-CB21CF31C253}.Release|Any CPU.Build.0 = Release|Any CPU
		{CFCC6E45-31E6-45C7-ACFA-CB21CF31C253}.Release|x64.ActiveCfg = Release|Any CPU
		{CFCC6E45-31E6-45C7-ACFA-CB21CF31C253}.Release|x64.Build.0 = Release|Any CPU
		{CFCC6E45-31E6-45C7-ACFA-CB21CF31C253}.Release|x86.ActiveCfg = Release|Any CPU
		{CFCC6E45-31E6-45C7-ACFA-CB21CF31C253}.Release|x86.Build.0 = Release|Any CPU
		{F702E8BE-0A26-4241-B763-6C0D4060B1EF}.Debug|Any CPU.ActiveCfg = Debug|Any CPU
		{F702E8BE-0A26-4241-B763-6C0D4060B1EF}.Debug|Any CPU.Build.0 = Debug|Any CPU
		{F702E8BE-0A26-4241-B763-6C0D4060B1EF}.Debug|x64.ActiveCfg = Debug|Any CPU
		{F702E8BE-0A26-4241-B763-6C0D4060B1EF}.Debug|x64.Build.0 = Debug|Any CPU
		{F702E8BE-0A26-4241-B763-6C0D4060B1EF}.Debug|x86.ActiveCfg = Debug|Any CPU
		{F702E8BE-0A26-4241-B763-6C0D4060B1EF}.Debug|x86.Build.0 = Debug|Any CPU
		{F702E8BE-0A26-4241-B763-6C0D4060B1EF}.Release|Any CPU.ActiveCfg = Release|Any CPU
		{F702E8BE-0A26-4241-B763-6C0D4060B1EF}.Release|Any CPU.Build.0 = Release|Any CPU
		{F702E8BE-0A26-4241-B763-6C0D4060B1EF}.Release|x64.ActiveCfg = Release|Any CPU
		{F702E8BE-0A26-4241-B763-6C0D4060B1EF}.Release|x64.Build.0 = Release|Any CPU
		{F702E8BE-0A26-4241-B763-6C0D4060B1EF}.Release|x86.ActiveCfg = Release|Any CPU
		{F702E8BE-0A26-4241-B763-6C0D4060B1EF}.Release|x86.Build.0 = Release|Any CPU
		{0D9A8F00-674B-46AD-8E03-29D4C30DB818}.Debug|Any CPU.ActiveCfg = Debug|Any CPU
		{0D9A8F00-674B-46AD-8E03-29D4C30DB818}.Debug|Any CPU.Build.0 = Debug|Any CPU
		{0D9A8F00-674B-46AD-8E03-29D4C30DB818}.Debug|x64.ActiveCfg = Debug|Any CPU
		{0D9A8F00-674B-46AD-8E03-29D4C30DB818}.Debug|x64.Build.0 = Debug|Any CPU
		{0D9A8F00-674B-46AD-8E03-29D4C30DB818}.Debug|x86.ActiveCfg = Debug|Any CPU
		{0D9A8F00-674B-46AD-8E03-29D4C30DB818}.Debug|x86.Build.0 = Debug|Any CPU
		{0D9A8F00-674B-46AD-8E03-29D4C30DB818}.Release|Any CPU.ActiveCfg = Release|Any CPU
		{0D9A8F00-674B-46AD-8E03-29D4C30DB818}.Release|Any CPU.Build.0 = Release|Any CPU
		{0D9A8F00-674B-46AD-8E03-29D4C30DB818}.Release|x64.ActiveCfg = Release|Any CPU
		{0D9A8F00-674B-46AD-8E03-29D4C30DB818}.Release|x64.Build.0 = Release|Any CPU
		{0D9A8F00-674B-46AD-8E03-29D4C30DB818}.Release|x86.ActiveCfg = Release|Any CPU
		{0D9A8F00-674B-46AD-8E03-29D4C30DB818}.Release|x86.Build.0 = Release|Any CPU
		{4D87842A-C57D-436D-A68D-AA2E39571B2B}.Debug|Any CPU.ActiveCfg = Debug|Any CPU
		{4D87842A-C57D-436D-A68D-AA2E39571B2B}.Debug|Any CPU.Build.0 = Debug|Any CPU
		{4D87842A-C57D-436D-A68D-AA2E39571B2B}.Debug|x64.ActiveCfg = Debug|Any CPU
		{4D87842A-C57D-436D-A68D-AA2E39571B2B}.Debug|x64.Build.0 = Debug|Any CPU
		{4D87842A-C57D-436D-A68D-AA2E39571B2B}.Debug|x86.ActiveCfg = Debug|Any CPU
		{4D87842A-C57D-436D-A68D-AA2E39571B2B}.Debug|x86.Build.0 = Debug|Any CPU
		{4D87842A-C57D-436D-A68D-AA2E39571B2B}.Release|Any CPU.ActiveCfg = Release|Any CPU
		{4D87842A-C57D-436D-A68D-AA2E39571B2B}.Release|Any CPU.Build.0 = Release|Any CPU
		{4D87842A-C57D-436D-A68D-AA2E39571B2B}.Release|x64.ActiveCfg = Release|Any CPU
		{4D87842A-C57D-436D-A68D-AA2E39571B2B}.Release|x64.Build.0 = Release|Any CPU
		{4D87842A-C57D-436D-A68D-AA2E39571B2B}.Release|x86.ActiveCfg = Release|Any CPU
		{4D87842A-C57D-436D-A68D-AA2E39571B2B}.Release|x86.Build.0 = Release|Any CPU
	EndGlobalSection
	GlobalSection(SolutionProperties) = preSolution
		HideSolutionNode = FALSE
	EndGlobalSection
	GlobalSection(NestedProjects) = preSolution
		{CFCC6E45-31E6-45C7-ACFA-CB21CF31C253} = {827E0CD3-B72D-47B6-A68D-7590B98EB39B}
		{F702E8BE-0A26-4241-B763-6C0D4060B1EF} = {827E0CD3-B72D-47B6-A68D-7590B98EB39B}
		{0D9A8F00-674B-46AD-8E03-29D4C30DB818} = {827E0CD3-B72D-47B6-A68D-7590B98EB39B}
		{4D87842A-C57D-436D-A68D-AA2E39571B2B} = {827E0CD3-B72D-47B6-A68D-7590B98EB39B}
	EndGlobalSection
EndGlobal
